
Microsoft Visual Studio Solution File, Format Version 12.00
# Visual Studio 15
VisualStudioVersion = 15.0.28307.489
MinimumVisualStudioVersion = 10.0.40219.1
Project("{9A19103F-16F7-4668-BE54-9A1E7A4F7556}") = "PizzaHot.API", "RegisterPerson.API\PizzaHot.API.csproj", "{71B126F0-5D60-437A-9F49-183450E97697}"
EndProject
Project("{9A19103F-16F7-4668-BE54-9A1E7A4F7556}") = "PizzaHot.Domain.Model", "RegisterPerson.Domain.Model\PizzaHot.Domain.Model.csproj", "{C9522460-B04A-48A2-A1CF-43A0D8F4594B}"
EndProject
Project("{9A19103F-16F7-4668-BE54-9A1E7A4F7556}") = "PizzaHot.Domain.Services", "RegisterPerson.Domain.Services\PizzaHot.Domain.Services.csproj", "{54AF36C8-9482-45B0-AEE8-4500A9E94B13}"
EndProject
Project("{9A19103F-16F7-4668-BE54-9A1E7A4F7556}") = "PizzaHot.DataAccess.Abstract", "RegisterPerson.DataAccess.Abstract\PizzaHot.DataAccess.Abstract.csproj", "{C0E86217-5D66-40F9-A8EF-70E317EF3BA0}"
EndProject
Project("{9A19103F-16F7-4668-BE54-9A1E7A4F7556}") = "PizzaHot.DataAccess.SqlServer", "RegisterPerson.DataAccess.SqlServer\PizzaHot.DataAccess.SqlServer.csproj", "{7A8CFB36-25EF-4A9D-9044-3928FEDA3254}"
EndProject
Global
	GlobalSection(SolutionConfigurationPlatforms) = preSolution
		Debug|Any CPU = Debug|Any CPU
		Release|Any CPU = Release|Any CPU
	EndGlobalSection
	GlobalSection(ProjectConfigurationPlatforms) = postSolution
		{71B126F0-5D60-437A-9F49-183450E97697}.Debug|Any CPU.ActiveCfg = Debug|Any CPU
		{71B126F0-5D60-437A-9F49-183450E97697}.Debug|Any CPU.Build.0 = Debug|Any CPU
		{71B126F0-5D60-437A-9F49-183450E97697}.Release|Any CPU.ActiveCfg = Release|Any CPU
		{71B126F0-5D60-437A-9F49-183450E97697}.Release|Any CPU.Build.0 = Release|Any CPU
		{C9522460-B04A-48A2-A1CF-43A0D8F4594B}.Debug|Any CPU.ActiveCfg = Debug|Any CPU
		{C9522460-B04A-48A2-A1CF-43A0D8F4594B}.Debug|Any CPU.Build.0 = Debug|Any CPU
		{C9522460-B04A-48A2-A1CF-43A0D8F4594B}.Release|Any CPU.ActiveCfg = Release|Any CPU
		{C9522460-B04A-48A2-A1CF-43A0D8F4594B}.Release|Any CPU.Build.0 = Release|Any CPU
		{54AF36C8-9482-45B0-AEE8-4500A9E94B13}.Debug|Any CPU.ActiveCfg = Debug|Any CPU
		{54AF36C8-9482-45B0-AEE8-4500A9E94B13}.Debug|Any CPU.Build.0 = Debug|Any CPU
		{54AF36C8-9482-45B0-AEE8-4500A9E94B13}.Release|Any CPU.ActiveCfg = Release|Any CPU
		{54AF36C8-9482-45B0-AEE8-4500A9E94B13}.Release|Any CPU.Build.0 = Release|Any CPU
		{C0E86217-5D66-40F9-A8EF-70E317EF3BA0}.Debug|Any CPU.ActiveCfg = Debug|Any CPU
		{C0E86217-5D66-40F9-A8EF-70E317EF3BA0}.Debug|Any CPU.Build.0 = Debug|Any CPU
		{C0E86217-5D66-40F9-A8EF-70E317EF3BA0}.Release|Any CPU.ActiveCfg = Release|Any CPU
		{C0E86217-5D66-40F9-A8EF-70E317EF3BA0}.Release|Any CPU.Build.0 = Release|Any CPU
		{7A8CFB36-25EF-4A9D-9044-3928FEDA3254}.Debug|Any CPU.ActiveCfg = Debug|Any CPU
		{7A8CFB36-25EF-4A9D-9044-3928FEDA3254}.Debug|Any CPU.Build.0 = Debug|Any CPU
		{7A8CFB36-25EF-4A9D-9044-3928FEDA3254}.Release|Any CPU.ActiveCfg = Release|Any CPU
		{7A8CFB36-25EF-4A9D-9044-3928FEDA3254}.Release|Any CPU.Build.0 = Release|Any CPU
	EndGlobalSection
	GlobalSection(SolutionProperties) = preSolution
		HideSolutionNode = FALSE
	EndGlobalSection
	GlobalSection(ExtensibilityGlobals) = postSolution
		SolutionGuid = {35C21AC7-4FE8-41C3-A7D6-B2EE6532CC23}
	EndGlobalSection
EndGlobal
